// !$*UTF8*$!
{
	archiveVersion = 1;
	classes = {
	};
	objectVersion = 55;
	objects = {

/* Begin PBXBuildFile section */
		1B680220275A85C400E110A1 /* ReakmViewContoller.swift in Sources */ = {isa = PBXBuildFile; fileRef = 1B68021F275A85C400E110A1 /* ReakmViewContoller.swift */; };
		1B680222275A867200E110A1 /* TestModel.swift in Sources */ = {isa = PBXBuildFile; fileRef = 1B680221275A867200E110A1 /* TestModel.swift */; };
		1B680224275A972100E110A1 /* RealmManager.swift in Sources */ = {isa = PBXBuildFile; fileRef = 1B680223275A972100E110A1 /* RealmManager.swift */; };
		1BCAB5B5275690C200F4BD5F /* AppDelegate.swift in Sources */ = {isa = PBXBuildFile; fileRef = 1BCAB5B4275690C200F4BD5F /* AppDelegate.swift */; };
		1BCAB5B7275690C200F4BD5F /* SceneDelegate.swift in Sources */ = {isa = PBXBuildFile; fileRef = 1BCAB5B6275690C200F4BD5F /* SceneDelegate.swift */; };
		1BCAB5B9275690C200F4BD5F /* ViewController.swift in Sources */ = {isa = PBXBuildFile; fileRef = 1BCAB5B8275690C200F4BD5F /* ViewController.swift */; };
		1BCAB5BC275690C200F4BD5F /* Main.storyboard in Resources */ = {isa = PBXBuildFile; fileRef = 1BCAB5BA275690C200F4BD5F /* Main.storyboard */; };
		1BCAB5BE275690C300F4BD5F /* Assets.xcassets in Resources */ = {isa = PBXBuildFile; fileRef = 1BCAB5BD275690C300F4BD5F /* Assets.xcassets */; };
		1BCAB5C1275690C300F4BD5F /* LaunchScreen.storyboard in Resources */ = {isa = PBXBuildFile; fileRef = 1BCAB5BF275690C300F4BD5F /* LaunchScreen.storyboard */; };
		1BCAB5C92756950200F4BD5F /* Session.swift in Sources */ = {isa = PBXBuildFile; fileRef = 1BCAB5C82756950200F4BD5F /* Session.swift */; };
		1BCAB5CB2756955300F4BD5F /* ListViewController.swift in Sources */ = {isa = PBXBuildFile; fileRef = 1BCAB5CA2756955300F4BD5F /* ListViewController.swift */; };
		1BCAB5CD2756992800F4BD5F /* Model.swift in Sources */ = {isa = PBXBuildFile; fileRef = 1BCAB5CC2756992800F4BD5F /* Model.swift */; };
		3D65977FCC94A39054654FBF /* Pods_HWExample.framework in Frameworks */ = {isa = PBXBuildFile; fileRef = E23A1DC368FD4B7B5C826694 /* Pods_HWExample.framework */; };
/* End PBXBuildFile section */

/* Begin PBXFileReference section */
		1B68021F275A85C400E110A1 /* ReakmViewContoller.swift */ = {isa = PBXFileReference; lastKnownFileType = sourcecode.swift; path = ReakmViewContoller.swift; sourceTree = "<group>"; };
		1B680221275A867200E110A1 /* TestModel.swift */ = {isa = PBXFileReference; lastKnownFileType = sourcecode.swift; path = TestModel.swift; sourceTree = "<group>"; };
		1B680223275A972100E110A1 /* RealmManager.swift */ = {isa = PBXFileReference; lastKnownFileType = sourcecode.swift; path = RealmManager.swift; sourceTree = "<group>"; };
		1BCAB5B1275690C200F4BD5F /* HWExample.app */ = {isa = PBXFileReference; explicitFileType = wrapper.application; includeInIndex = 0; path = HWExample.app; sourceTree = BUILT_PRODUCTS_DIR; };
		1BCAB5B4275690C200F4BD5F /* AppDelegate.swift */ = {isa = PBXFileReference; lastKnownFileType = sourcecode.swift; path = AppDelegate.swift; sourceTree = "<group>"; };
		1BCAB5B6275690C200F4BD5F /* SceneDelegate.swift */ = {isa = PBXFileReference; lastKnownFileType = sourcecode.swift; path = SceneDelegate.swift; sourceTree = "<group>"; };
		1BCAB5B8275690C200F4BD5F /* ViewController.swift */ = {isa = PBXFileReference; lastKnownFileType = sourcecode.swift; path = ViewController.swift; sourceTree = "<group>"; };
		1BCAB5BB275690C200F4BD5F /* Base */ = {isa = PBXFileReference; lastKnownFileType = file.storyboard; name = Base; path = Base.lproj/Main.storyboard; sourceTree = "<group>"; };
		1BCAB5BD275690C300F4BD5F /* Assets.xcassets */ = {isa = PBXFileReference; lastKnownFileType = folder.assetcatalog; path = Assets.xcassets; sourceTree = "<group>"; };
		1BCAB5C0275690C300F4BD5F /* Base */ = {isa = PBXFileReference; lastKnownFileType = file.storyboard; name = Base; path = Base.lproj/LaunchScreen.storyboard; sourceTree = "<group>"; };
		1BCAB5C2275690C300F4BD5F /* Info.plist */ = {isa = PBXFileReference; lastKnownFileType = text.plist.xml; path = Info.plist; sourceTree = "<group>"; };
		1BCAB5C82756950200F4BD5F /* Session.swift */ = {isa = PBXFileReference; lastKnownFileType = sourcecode.swift; path = Session.swift; sourceTree = "<group>"; };
		1BCAB5CA2756955300F4BD5F /* ListViewController.swift */ = {isa = PBXFileReference; lastKnownFileType = sourcecode.swift; path = ListViewController.swift; sourceTree = "<group>"; };
		1BCAB5CC2756992800F4BD5F /* Model.swift */ = {isa = PBXFileReference; lastKnownFileType = sourcecode.swift; path = Model.swift; sourceTree = "<group>"; };
		3E7177FFC2AA06F766814212 /* Pods-HWExample.release.xcconfig */ = {isa = PBXFileReference; includeInIndex = 1; lastKnownFileType = text.xcconfig; name = "Pods-HWExample.release.xcconfig"; path = "Target Support Files/Pods-HWExample/Pods-HWExample.release.xcconfig"; sourceTree = "<group>"; };
		A1B8197A6BAF48B07A38109D /* Pods-HWExample.debug.xcconfig */ = {isa = PBXFileReference; includeInIndex = 1; lastKnownFileType = text.xcconfig; name = "Pods-HWExample.debug.xcconfig"; path = "Target Support Files/Pods-HWExample/Pods-HWExample.debug.xcconfig"; sourceTree = "<group>"; };
		E23A1DC368FD4B7B5C826694 /* Pods_HWExample.framework */ = {isa = PBXFileReference; explicitFileType = wrapper.framework; includeInIndex = 0; path = Pods_HWExample.framework; sourceTree = BUILT_PRODUCTS_DIR; };
/* End PBXFileReference section */

/* Begin PBXFrameworksBuildPhase section */
		1BCAB5AE275690C200F4BD5F /* Frameworks */ = {
			isa = PBXFrameworksBuildPhase;
			buildActionMask = 2147483647;
			files = (
				3D65977FCC94A39054654FBF /* Pods_HWExample.framework in Frameworks */,
			);
			runOnlyForDeploymentPostprocessing = 0;
		};
/* End PBXFrameworksBuildPhase section */

/* Begin PBXGroup section */
		1BCAB5A8275690C200F4BD5F = {
			isa = PBXGroup;
			children = (
				1BCAB5B3275690C200F4BD5F /* HWExample */,
				1BCAB5B2275690C200F4BD5F /* Products */,
				50B620D1D4E2EDEF12BE3DB1 /* Pods */,
				99EA224AE2D0B6DE065FE98F /* Frameworks */,
			);
			sourceTree = "<group>";
		};
		1BCAB5B2275690C200F4BD5F /* Products */ = {
			isa = PBXGroup;
			children = (
				1BCAB5B1275690C200F4BD5F /* HWExample.app */,
			);
			name = Products;
			sourceTree = "<group>";
		};
		1BCAB5B3275690C200F4BD5F /* HWExample */ = {
			isa = PBXGroup;
			children = (
				1BCAB5B4275690C200F4BD5F /* AppDelegate.swift */,
				1BCAB5B6275690C200F4BD5F /* SceneDelegate.swift */,
				1BCAB5B8275690C200F4BD5F /* ViewController.swift */,
				1BCAB5BA275690C200F4BD5F /* Main.storyboard */,
				1B68021F275A85C400E110A1 /* ReakmViewContoller.swift */,
				1B680221275A867200E110A1 /* TestModel.swift */,
				1BCAB5BD275690C300F4BD5F /* Assets.xcassets */,
				1BCAB5BF275690C300F4BD5F /* LaunchScreen.storyboard */,
				1BCAB5C2275690C300F4BD5F /* Info.plist */,
				1BCAB5C82756950200F4BD5F /* Session.swift */,
				1BCAB5CA2756955300F4BD5F /* ListViewController.swift */,
				1B680223275A972100E110A1 /* RealmManager.swift */,
				1BCAB5CC2756992800F4BD5F /* Model.swift */,
			);
			path = HWExample;
			sourceTree = "<group>";
		};
		50B620D1D4E2EDEF12BE3DB1 /* Pods */ = {
			isa = PBXGroup;
			children = (
				A1B8197A6BAF48B07A38109D /* Pods-HWExample.debug.xcconfig */,
				3E7177FFC2AA06F766814212 /* Pods-HWExample.release.xcconfig */,
			);
			path = Pods;
			sourceTree = "<group>";
		};
		99EA224AE2D0B6DE065FE98F /* Frameworks */ = {
			isa = PBXGroup;
			children = (
				E23A1DC368FD4B7B5C826694 /* Pods_HWExample.framework */,
			);
			name = Frameworks;
			sourceTree = "<group>";
		};
/* End PBXGroup section */

/* Begin PBXNativeTarget section */
		1BCAB5B0275690C200F4BD5F /* HWExample */ = {
			isa = PBXNativeTarget;
			buildConfigurationList = 1BCAB5C5275690C300F4BD5F /* Build configuration list for PBXNativeTarget "HWExample" */;
			buildPhases = (
				7BA885ED666893F71B4A98AE /* [CP] Check Pods Manifest.lock */,
				1BCAB5AD275690C200F4BD5F /* Sources */,
				1BCAB5AE275690C200F4BD5F /* Frameworks */,
				1BCAB5AF275690C200F4BD5F /* Resources */,
				FA84716424C3010804ED1D8B /* [CP] Embed Pods Frameworks */,
			);
			buildRules = (
			);
			dependencies = (
			);
			name = HWExample;
			productName = HWExample;
			productReference = 1BCAB5B1275690C200F4BD5F /* HWExample.app */;
			productType = "com.apple.product-type.application";
		};
/* End PBXNativeTarget section */

/* Begin PBXProject section */
		1BCAB5A9275690C200F4BD5F /* Project object */ = {
			isa = PBXProject;
			attributes = {
				BuildIndependentTargetsInParallel = 1;
				LastSwiftUpdateCheck = 1310;
				LastUpgradeCheck = 1310;
				TargetAttributes = {
					1BCAB5B0275690C200F4BD5F = {
						CreatedOnToolsVersion = 13.1;
					};
				};
			};
			buildConfigurationList = 1BCAB5AC275690C200F4BD5F /* Build configuration list for PBXProject "HWExample" */;
			compatibilityVersion = "Xcode 13.0";
			developmentRegion = en;
			hasScannedForEncodings = 0;
			knownRegions = (
				en,
				Base,
			);
			mainGroup = 1BCAB5A8275690C200F4BD5F;
			productRefGroup = 1BCAB5B2275690C200F4BD5F /* Products */;
			projectDirPath = "";
			projectRoot = "";
			targets = (
				1BCAB5B0275690C200F4BD5F /* HWExample */,
			);
		};
/* End PBXProject section */

/* Begin PBXResourcesBuildPhase section */
		1BCAB5AF275690C200F4BD5F /* Resources */ = {
			isa = PBXResourcesBuildPhase;
			buildActionMask = 2147483647;
			files = (
				1BCAB5C1275690C300F4BD5F /* LaunchScreen.storyboard in Resources */,
				1BCAB5BE275690C300F4BD5F /* Assets.xcassets in Resources */,
				1BCAB5BC275690C200F4BD5F /* Main.storyboard in Resources */,
			);
			runOnlyForDeploymentPostprocessing = 0;
		};
/* End PBXResourcesBuildPhase section */

/* Begin PBXShellScriptBuildPhase section */
		7BA885ED666893F71B4A98AE /* [CP] Check Pods Manifest.lock */ = {
			isa = PBXShellScriptBuildPhase;
			buildActionMask = 2147483647;
			files = (
			);
			inputFileListPaths = (
			);
			inputPaths = (
				"${PODS_PODFILE_DIR_PATH}/Podfile.lock",
				"${PODS_ROOT}/Manifest.lock",
			);
			name = "[CP] Check Pods Manifest.lock";
			outputFileListPaths = (
			);
			outputPaths = (
				"$(DERIVED_FILE_DIR)/Pods-HWExample-checkManifestLockResult.txt",
			);
			runOnlyForDeploymentPostprocessing = 0;
			shellPath = /bin/sh;
			shellScript = "diff \"${PODS_PODFILE_DIR_PATH}/Podfile.lock\" \"${PODS_ROOT}/Manifest.lock\" > /dev/null\nif [ $? != 0 ] ; then\n    # print error to STDERR\n    echo \"error: The sandbox is not in sync with the Podfile.lock. Run 'pod install' or update your CocoaPods installation.\" >&2\n    exit 1\nfi\n# This output is used by Xcode 'outputs' to avoid re-running this script phase.\necho \"SUCCESS\" > \"${SCRIPT_OUTPUT_FILE_0}\"\n";
			showEnvVarsInLog = 0;
		};
		FA84716424C3010804ED1D8B /* [CP] Embed Pods Frameworks */ = {
			isa = PBXShellScriptBuildPhase;
			buildActionMask = 2147483647;
			files = (
			);
			inputFileListPaths = (
				"${PODS_ROOT}/Target Support Files/Pods-HWExample/Pods-HWExample-frameworks-${CONFIGURATION}-input-files.xcfilelist",
			);
			name = "[CP] Embed Pods Frameworks";
			outputFileListPaths = (
				"${PODS_ROOT}/Target Support Files/Pods-HWExample/Pods-HWExample-frameworks-${CONFIGURATION}-output-files.xcfilelist",
			);
			runOnlyForDeploymentPostprocessing = 0;
			shellPath = /bin/sh;
			shellScript = "\"${PODS_ROOT}/Target Support Files/Pods-HWExample/Pods-HWExample-frameworks.sh\"\n";
			showEnvVarsInLog = 0;
		};
/* End PBXShellScriptBuildPhase section */

/* Begin PBXSourcesBuildPhase section */
		1BCAB5AD275690C200F4BD5F /* Sources */ = {
			isa = PBXSourcesBuildPhase;
			buildActionMask = 2147483647;
			files = (
				1BCAB5C92756950200F4BD5F /* Session.swift in Sources */,
				1BCAB5B9275690C200F4BD5F /* ViewController.swift in Sources */,
				1BCAB5B5275690C200F4BD5F /* AppDelegate.swift in Sources */,
				1B680222275A867200E110A1 /* TestModel.swift in Sources */,
				1B680220275A85C400E110A1 /* ReakmViewContoller.swift in Sources */,
				1B680224275A972100E110A1 /* RealmManager.swift in Sources */,
				1BCAB5CD2756992800F4BD5F /* Model.swift in Sources */,
				1BCAB5CB2756955300F4BD5F /* ListViewController.swift in Sources */,
				1BCAB5B7275690C200F4BD5F /* SceneDelegate.swift in Sources */,
			);
			runOnlyForDeploymentPostprocessing = 0;
		};
/* End PBXSourcesBuildPhase section */

/* Begin PBXVariantGroup section */
		1BCAB5BA275690C200F4BD5F /* Main.storyboard */ = {
			isa = PBXVariantGroup;
			children = (
				1BCAB5BB275690C200F4BD5F /* Base */,
			);
			name = Main.storyboard;
			sourceTree = "<group>";
		};
		1BCAB5BF275690C300F4BD5F /* LaunchScreen.storyboard */ = {
			isa = PBXVariantGroup;
			children = (
				1BCAB5C0275690C300F4BD5F /* Base */,
			);
			name = LaunchScreen.storyboard;
			sourceTree = "<group>";
		};
/* End PBXVariantGroup section */

/* Begin XCBuildConfiguration section */
		1BCAB5C3275690C300F4BD5F /* Debug */ = {
			isa = XCBuildConfiguration;
			buildSettings = {
				ALWAYS_SEARCH_USER_PATHS = NO;
				CLANG_ANALYZER_NONNULL = YES;
				CLANG_ANALYZER_NUMBER_OBJECT_CONVERSION = YES_AGGRESSIVE;
				CLANG_CXX_LANGUAGE_STANDARD = "gnu++17";
				CLANG_CXX_LIBRARY = "libc++";
				CLANG_ENABLE_MODULES = YES;
				CLANG_ENABLE_OBJC_ARC = YES;
				CLANG_ENABLE_OBJC_WEAK = YES;
				CLANG_WARN_BLOCK_CAPTURE_AUTORELEASING = YES;
				CLANG_WARN_BOOL_CONVERSION = YES;
				CLANG_WARN_COMMA = YES;
				CLANG_WARN_CONSTANT_CONVERSION = YES;
				CLANG_WARN_DEPRECATED_OBJC_IMPLEMENTATIONS = YES;
				CLANG_WARN_DIRECT_OBJC_ISA_USAGE = YES_ERROR;
				CLANG_WARN_DOCUMENTATION_COMMENTS = YES;
				CLANG_WARN_EMPTY_BODY = YES;
				CLANG_WARN_ENUM_CONVERSION = YES;
				CLANG_WARN_INFINITE_RECURSION = YES;
				CLANG_WARN_INT_CONVERSION = YES;
				CLANG_WARN_NON_LITERAL_NULL_CONVERSION = YES;
				CLANG_WARN_OBJC_IMPLICIT_RETAIN_SELF = YES;
				CLANG_WARN_OBJC_LITERAL_CONVERSION = YES;
				CLANG_WARN_OBJC_ROOT_CLASS = YES_ERROR;
				CLANG_WARN_QUOTED_INCLUDE_IN_FRAMEWORK_HEADER = YES;
				CLANG_WARN_RANGE_LOOP_ANALYSIS = YES;
				CLANG_WARN_STRICT_PROTOTYPES = YES;
				CLANG_WARN_SUSPICIOUS_MOVE = YES;
				CLANG_WARN_UNGUARDED_AVAILABILITY = YES_AGGRESSIVE;
				CLANG_WARN_UNREACHABLE_CODE = YES;
				CLANG_WARN__DUPLICATE_METHOD_MATCH = YES;
				COPY_PHASE_STRIP = NO;
				DEBUG_INFORMATION_FORMAT = dwarf;
				ENABLE_STRICT_OBJC_MSGSEND = YES;
				ENABLE_TESTABILITY = YES;
				GCC_C_LANGUAGE_STANDARD = gnu11;
				GCC_DYNAMIC_NO_PIC = NO;
				GCC_NO_COMMON_BLOCKS = YES;
				GCC_OPTIMIZATION_LEVEL = 0;
				GCC_PREPROCESSOR_DEFINITIONS = (
					"DEBUG=1",
					"$(inherited)",
				);
				GCC_WARN_64_TO_32_BIT_CONVERSION = YES;
				GCC_WARN_ABOUT_RETURN_TYPE = YES_ERROR;
				GCC_WARN_UNDECLARED_SELECTOR = YES;
				GCC_WARN_UNINITIALIZED_AUTOS = YES_AGGRESSIVE;
				GCC_WARN_UNUSED_FUNCTION = YES;
				GCC_WARN_UNUSED_VARIABLE = YES;
				IPHONEOS_DEPLOYMENT_TARGET = 15.0;
				MTL_ENABLE_DEBUG_INFO = INCLUDE_SOURCE;
				MTL_FAST_MATH = YES;
				ONLY_ACTIVE_ARCH = YES;
				SDKROOT = iphoneos;
				SWIFT_ACTIVE_COMPILATION_CONDITIONS = DEBUG;
				SWIFT_OPTIMIZATION_LEVEL = "-Onone";
			};
			name = Debug;
		};
		1BCAB5C4275690C300F4BD5F /* Release */ = {
			isa = XCBuildConfiguration;
			buildSettings = {
				ALWAYS_SEARCH_USER_PATHS = NO;
				CLANG_ANALYZER_NONNULL = YES;
				CLANG_ANALYZER_NUMBER_OBJECT_CONVERSION = YES_AGGRESSIVE;
				CLANG_CXX_LANGUAGE_STANDARD = "gnu++17";
				CLANG_CXX_LIBRARY = "libc++";
				CLANG_ENABLE_MODULES = YES;
				CLANG_ENABLE_OBJC_ARC = YES;
				CLANG_ENABLE_OBJC_WEAK = YES;
				CLANG_WARN_BLOCK_CAPTURE_AUTORELEASING = YES;
				CLANG_WARN_BOOL_CONVERSION = YES;
				CLANG_WARN_COMMA = YES;
				CLANG_WARN_CONSTANT_CONVERSION = YES;
				CLANG_WARN_DEPRECATED_OBJC_IMPLEMENTATIONS = YES;
				CLANG_WARN_DIRECT_OBJC_ISA_USAGE = YES_ERROR;
				CLANG_WARN_DOCUMENTATION_COMMENTS = YES;
				CLANG_WARN_EMPTY_BODY = YES;
				CLANG_WARN_ENUM_CONVERSION = YES;
				CLANG_WARN_INFINITE_RECURSION = YES;
				CLANG_WARN_INT_CONVERSION = YES;
				CLANG_WARN_NON_LITERAL_NULL_CONVERSION = YES;
				CLANG_WARN_OBJC_IMPLICIT_RETAIN_SELF = YES;
				CLANG_WARN_OBJC_LITERAL_CONVERSION = YES;
				CLANG_WARN_OBJC_ROOT_CLASS = YES_ERROR;
				CLANG_WARN_QUOTED_INCLUDE_IN_FRAMEWORK_HEADER = YES;
				CLANG_WARN_RANGE_LOOP_ANALYSIS = YES;
				CLANG_WARN_STRICT_PROTOTYPES = YES;
				CLANG_WARN_SUSPICIOUS_MOVE = YES;
				CLANG_WARN_UNGUARDED_AVAILABILITY = YES_AGGRESSIVE;
				CLANG_WARN_UNREACHABLE_CODE = YES;
				CLANG_WARN__DUPLICATE_METHOD_MATCH = YES;
				COPY_PHASE_STRIP = NO;
				DEBUG_INFORMATION_FORMAT = "dwarf-with-dsym";
				ENABLE_NS_ASSERTIONS = NO;
				ENABLE_STRICT_OBJC_MSGSEND = YES;
				GCC_C_LANGUAGE_STANDARD = gnu11;
				GCC_NO_COMMON_BLOCKS = YES;
				GCC_WARN_64_TO_32_BIT_CONVERSION = YES;
				GCC_WARN_ABOUT_RETURN_TYPE = YES_ERROR;
				GCC_WARN_UNDECLARED_SELECTOR = YES;
				GCC_WARN_UNINITIALIZED_AUTOS = YES_AGGRESSIVE;
				GCC_WARN_UNUSED_FUNCTION = YES;
				GCC_WARN_UNUSED_VARIABLE = YES;
				IPHONEOS_DEPLOYMENT_TARGET = 15.0;
				MTL_ENABLE_DEBUG_INFO = NO;
				MTL_FAST_MATH = YES;
				SDKROOT = iphoneos;
				SWIFT_COMPILATION_MODE = wholemodule;
				SWIFT_OPTIMIZATION_LEVEL = "-O";
				VALIDATE_PRODUCT = YES;
			};
			name = Release;
		};
		1BCAB5C6275690C300F4BD5F /* Debug */ = {
			isa = XCBuildConfiguration;
			baseConfigurationReference = A1B8197A6BAF48B07A38109D /* Pods-HWExample.debug.xcconfig */;
			buildSettings = {
				ASSETCATALOG_COMPILER_APPICON_NAME = AppIcon;
				ASSETCATALOG_COMPILER_GLOBAL_ACCENT_COLOR_NAME = AccentColor;
				CODE_SIGN_STYLE = Automatic;
				CURRENT_PROJECT_VERSION = 1;
				DEVELOPMENT_TEAM = 2H8C9U8733;
				GENERATE_INFOPLIST_FILE = YES;
				INFOPLIST_FILE = HWExample/Info.plist;
				INFOPLIST_KEY_UIApplicationSupportsIndirectInputEvents = YES;
				INFOPLIST_KEY_UILaunchStoryboardName = LaunchScreen;
				INFOPLIST_KEY_UIMainStoryboardFile = Main;
				INFOPLIST_KEY_UISupportedInterfaceOrientations_iPad = "UIInterfaceOrientationPortrait UIInterfaceOrientationPortraitUpsideDown UIInterfaceOrientationLandscapeLeft UIInterfaceOrientationLandscapeRight";
				INFOPLIST_KEY_UISupportedInterfaceOrientations_iPhone = "UIInterfaceOrientationPortrait UIInterfaceOrientationLandscapeLeft UIInterfaceOrientationLandscapeRight";
				LD_RUNPATH_SEARCH_PATHS = (
					"$(inherited)",
					"@executable_path/Frameworks",
				);
				MARKETING_VERSION = 1.0;
				PRODUCT_BUNDLE_IDENTIFIER = noTeam.HWExample;
				PRODUCT_NAME = "$(TARGET_NAME)";
				SWIFT_EMIT_LOC_STRINGS = YES;
				SWIFT_VERSION = 5.0;
				TARGETED_DEVICE_FAMILY = "1,2";
			};
			name = Debug;
		};
		1BCAB5C7275690C300F4BD5F /* Release */ = {
			isa = XCBuildConfiguration;
			baseConfigurationReference = 3E7177FFC2AA06F766814212 /* Pods-HWExample.release.xcconfig */;
			buildSettings = {
				ASSETCATALOG_COMPILER_APPICON_NAME = AppIcon;
				ASSETCATALOG_COMPILER_GLOBAL_ACCENT_COLOR_NAME = AccentColor;
				CODE_SIGN_STYLE = Automatic;
				CURRENT_PROJECT_VERSION = 1;
				DEVELOPMENT_TEAM = 2H8C9U8733;
				GENERATE_INFOPLIST_FILE = YES;
				INFOPLIST_FILE = HWExample/Info.plist;
				INFOPLIST_KEY_UIApplicationSupportsIndirectInputEvents = YES;
				INFOPLIST_KEY_UILaunchStoryboardName = LaunchScreen;
				INFOPLIST_KEY_UIMainStoryboardFile = Main;
				INFOPLIST_KEY_UISupportedInterfaceOrientations_iPad = "UIInterfaceOrientationPortrait UIInterfaceOrientationPortraitUpsideDown UIInterfaceOrientationLandscapeLeft UIInterfaceOrientationLandscapeRight";
				INFOPLIST_KEY_UISupportedInterfaceOrientations_iPhone = "UIInterfaceOrientationPortrait UIInterfaceOrientationLandscapeLeft UIInterfaceOrientationLandscapeRight";
				LD_RUNPATH_SEARCH_PATHS = (
					"$(inherited)",
					"@executable_path/Frameworks",
				);
				MARKETING_VERSION = 1.0;
				PRODUCT_BUNDLE_IDENTIFIER = noTeam.HWExample;
				PRODUCT_NAME = "$(TARGET_NAME)";
				SWIFT_EMIT_LOC_STRINGS = YES;
				SWIFT_VERSION = 5.0;
				TARGETED_DEVICE_FAMILY = "1,2";
			};
			name = Release;
		};
/* End XCBuildConfiguration section */

/* Begin XCConfigurationList section */
		1BCAB5AC275690C200F4BD5F /* Build configuration list for PBXProject "HWExample" */ = {
			isa = XCConfigurationList;
			buildConfigurations = (
				1BCAB5C3275690C300F4BD5F /* Debug */,
				1BCAB5C4275690C300F4BD5F /* Release */,
			);
			defaultConfigurationIsVisible = 0;
			defaultConfigurationName = Release;
		};
		1BCAB5C5275690C300F4BD5F /* Build configuration list for PBXNativeTarget "HWExample" */ = {
			isa = XCConfigurationList;
			buildConfigurations = (
				1BCAB5C6275690C300F4BD5F /* Debug */,
				1BCAB5C7275690C300F4BD5F /* Release */,
			);
			defaultConfigurationIsVisible = 0;
			defaultConfigurationName = Release;
		};
/* End XCConfigurationList section */
	};
	rootObject = 1BCAB5A9275690C200F4BD5F /* Project object */;
}
